
Microsoft Visual Studio Solution File, Format Version 12.00
# Visual Studio 15
VisualStudioVersion = 15.0.28307.539
MinimumVisualStudioVersion = 10.0.40219.1
Project("{FAE04EC0-301F-11D3-BF4B-00C04F79EFBC}") = "PersonalBlog.WEB", "PersonalBlog.WEB\PersonalBlog.WEB.csproj", "{C3751FB1-6A1E-4AF4-8D4B-29213FAC19EE}"
EndProject
Project("{FAE04EC0-301F-11D3-BF4B-00C04F79EFBC}") = "PersonalBlog.BLL", "PersonalBlog.BLL\PersonalBlog.BLL.csproj", "{6120223B-207B-41DB-A299-D3E27D989371}"
EndProject
Project("{FAE04EC0-301F-11D3-BF4B-00C04F79EFBC}") = "PersonalBlog.DAL", "PersonalBlog.DAL\PersonalBlog.DAL.csproj", "{2CB68E1B-196C-409B-AD7E-2344C969822C}"
EndProject
Global
	GlobalSection(SolutionConfigurationPlatforms) = preSolution
		Debug|Any CPU = Debug|Any CPU
		Release|Any CPU = Release|Any CPU
	EndGlobalSection
	GlobalSection(ProjectConfigurationPlatforms) = postSolution
		{C3751FB1-6A1E-4AF4-8D4B-29213FAC19EE}.Debug|Any CPU.ActiveCfg = Debug|Any CPU
		{C3751FB1-6A1E-4AF4-8D4B-29213FAC19EE}.Debug|Any CPU.Build.0 = Debug|Any CPU
		{C3751FB1-6A1E-4AF4-8D4B-29213FAC19EE}.Release|Any CPU.ActiveCfg = Release|Any CPU
		{C3751FB1-6A1E-4AF4-8D4B-29213FAC19EE}.Release|Any CPU.Build.0 = Release|Any CPU
		{6120223B-207B-41DB-A299-D3E27D989371}.Debug|Any CPU.ActiveCfg = Debug|Any CPU
		{6120223B-207B-41DB-A299-D3E27D989371}.Debug|Any CPU.Build.0 = Debug|Any CPU
		{6120223B-207B-41DB-A299-D3E27D989371}.Release|Any CPU.ActiveCfg = Release|Any CPU
		{6120223B-207B-41DB-A299-D3E27D989371}.Release|Any CPU.Build.0 = Release|Any CPU
		{2CB68E1B-196C-409B-AD7E-2344C969822C}.Debug|Any CPU.ActiveCfg = Debug|Any CPU
		{2CB68E1B-196C-409B-AD7E-2344C969822C}.Debug|Any CPU.Build.0 = Debug|Any CPU
		{2CB68E1B-196C-409B-AD7E-2344C969822C}.Release|Any CPU.ActiveCfg = Release|Any CPU
		{2CB68E1B-196C-409B-AD7E-2344C969822C}.Release|Any CPU.Build.0 = Release|Any CPU
	EndGlobalSection
	GlobalSection(SolutionProperties) = preSolution
		HideSolutionNode = FALSE
	EndGlobalSection
	GlobalSection(ExtensibilityGlobals) = postSolution
		SolutionGuid = {2AD2FA84-39D5-4CD7-BB12-07767723F5F3}
	EndGlobalSection
EndGlobal
